{
  "name": "rightmajay-react-component-generator",
  "version": "1.2.3",
  "lockfileVersion": 2,
  "requires": true,
  "packages": {
    "": {
      "name": "rightmajay-react-component-generator",
      "version": "1.2.3",
      "license": "MIT",
      "bin": {
        "rcc": "start.js"
      }
    }
  }
}
